
Microsoft Visual Studio Solution File, Format Version 12.00
# Visual Studio 14
VisualStudioVersion = 14.0.23107.0
MinimumVisualStudioVersion = 10.0.40219.1
Project("{2150E333-8FDC-42A3-9474-1A3956D46DE8}") = "用户UI", "用户UI", "{57649E80-38FC-421D-82E1-BE71A786F762}"
EndProject
Project("{2150E333-8FDC-42A3-9474-1A3956D46DE8}") = "应用层", "应用层", "{757BB00A-46B6-4B9B-9331-D6B60BE92E05}"
EndProject
Project("{2150E333-8FDC-42A3-9474-1A3956D46DE8}") = "Test(测试)", "Test(测试)", "{C59DF46D-7815-462B-9FFF-750B2120B75B}"
EndProject
Project("{FAE04EC0-301F-11D3-BF4B-00C04F79EFBC}") = "OpenAuth.App", "OpenAuth.App\OpenAuth.App.csproj", "{0BBF2D65-FFFD-4272-B138-8EA4FB6FEC48}"
EndProject
Project("{FAE04EC0-301F-11D3-BF4B-00C04F79EFBC}") = "OpenAuth.UnitTest", "OpenAuth.UnitTest\OpenAuth.UnitTest.csproj", "{2E6B5B73-7757-43F0-8AC8-3030F7C191B8}"
EndProject
Project("{2150E333-8FDC-42A3-9474-1A3956D46DE8}") = "基础功能", "基础功能", "{7A38939E-FC9B-44A9-BD3D-E0CE438624E6}"
EndProject
Project("{FAE04EC0-301F-11D3-BF4B-00C04F79EFBC}") = "OpenAuth.Repository", "OpenAuth.Repository\OpenAuth.Repository.csproj", "{E8DF8DEA-E2CF-4BDB-8F4F-3F8205B0E03A}"
EndProject
Project("{FAE04EC0-301F-11D3-BF4B-00C04F79EFBC}") = "OpenAuth.Mvc", "OpenAuth.Mvc\OpenAuth.Mvc.csproj", "{2A9D9687-1822-41CF-B7DF-819BFC0F8FE9}"
EndProject
Project("{FAE04EC0-301F-11D3-BF4B-00C04F79EFBC}") = "Infrastructure", "Infrastructure\Infrastructure.csproj", "{5FEAEC9A-4F1E-4EE7-B377-9DB1B0870DAC}"
EndProject
Project("{FAE04EC0-301F-11D3-BF4B-00C04F79EFBC}") = "OpenAuth.WebApi", "OpenAuth.WebApi\OpenAuth.WebApi.csproj", "{99EE6163-ECF6-47BF-ADCD-B837188ABBF7}"
EndProject
Project("{FAE04EC0-301F-11D3-BF4B-00C04F79EFBC}") = "OpenAuth.WebTest", "OpenAuth.WebTest\OpenAuth.WebTest.csproj", "{1708446E-6FE9-4BAD-92E4-DA717987B21D}"
EndProject
Global
	GlobalSection(SolutionConfigurationPlatforms) = preSolution
		Debug|Any CPU = Debug|Any CPU
		Release|Any CPU = Release|Any CPU
	EndGlobalSection
	GlobalSection(ProjectConfigurationPlatforms) = postSolution
		{0BBF2D65-FFFD-4272-B138-8EA4FB6FEC48}.Debug|Any CPU.ActiveCfg = Debug|Any CPU
		{0BBF2D65-FFFD-4272-B138-8EA4FB6FEC48}.Debug|Any CPU.Build.0 = Debug|Any CPU
		{0BBF2D65-FFFD-4272-B138-8EA4FB6FEC48}.Release|Any CPU.ActiveCfg = Release|Any CPU
		{0BBF2D65-FFFD-4272-B138-8EA4FB6FEC48}.Release|Any CPU.Build.0 = Release|Any CPU
		{2E6B5B73-7757-43F0-8AC8-3030F7C191B8}.Debug|Any CPU.ActiveCfg = Debug|Any CPU
		{2E6B5B73-7757-43F0-8AC8-3030F7C191B8}.Debug|Any CPU.Build.0 = Debug|Any CPU
		{2E6B5B73-7757-43F0-8AC8-3030F7C191B8}.Release|Any CPU.ActiveCfg = Release|Any CPU
		{2E6B5B73-7757-43F0-8AC8-3030F7C191B8}.Release|Any CPU.Build.0 = Release|Any CPU
		{E8DF8DEA-E2CF-4BDB-8F4F-3F8205B0E03A}.Debug|Any CPU.ActiveCfg = Debug|Any CPU
		{E8DF8DEA-E2CF-4BDB-8F4F-3F8205B0E03A}.Debug|Any CPU.Build.0 = Debug|Any CPU
		{E8DF8DEA-E2CF-4BDB-8F4F-3F8205B0E03A}.Release|Any CPU.ActiveCfg = Release|Any CPU
		{E8DF8DEA-E2CF-4BDB-8F4F-3F8205B0E03A}.Release|Any CPU.Build.0 = Release|Any CPU
		{2A9D9687-1822-41CF-B7DF-819BFC0F8FE9}.Debug|Any CPU.ActiveCfg = Debug|Any CPU
		{2A9D9687-1822-41CF-B7DF-819BFC0F8FE9}.Debug|Any CPU.Build.0 = Debug|Any CPU
		{2A9D9687-1822-41CF-B7DF-819BFC0F8FE9}.Release|Any CPU.ActiveCfg = Release|Any CPU
		{2A9D9687-1822-41CF-B7DF-819BFC0F8FE9}.Release|Any CPU.Build.0 = Release|Any CPU
		{5FEAEC9A-4F1E-4EE7-B377-9DB1B0870DAC}.Debug|Any CPU.ActiveCfg = Debug|Any CPU
		{5FEAEC9A-4F1E-4EE7-B377-9DB1B0870DAC}.Debug|Any CPU.Build.0 = Debug|Any CPU
		{5FEAEC9A-4F1E-4EE7-B377-9DB1B0870DAC}.Release|Any CPU.ActiveCfg = Release|Any CPU
		{5FEAEC9A-4F1E-4EE7-B377-9DB1B0870DAC}.Release|Any CPU.Build.0 = Release|Any CPU
		{99EE6163-ECF6-47BF-ADCD-B837188ABBF7}.Debug|Any CPU.ActiveCfg = Debug|Any CPU
		{99EE6163-ECF6-47BF-ADCD-B837188ABBF7}.Debug|Any CPU.Build.0 = Debug|Any CPU
		{99EE6163-ECF6-47BF-ADCD-B837188ABBF7}.Release|Any CPU.ActiveCfg = Release|Any CPU
		{99EE6163-ECF6-47BF-ADCD-B837188ABBF7}.Release|Any CPU.Build.0 = Release|Any CPU
		{1708446E-6FE9-4BAD-92E4-DA717987B21D}.Debug|Any CPU.ActiveCfg = Debug|Any CPU
		{1708446E-6FE9-4BAD-92E4-DA717987B21D}.Debug|Any CPU.Build.0 = Debug|Any CPU
		{1708446E-6FE9-4BAD-92E4-DA717987B21D}.Release|Any CPU.ActiveCfg = Release|Any CPU
		{1708446E-6FE9-4BAD-92E4-DA717987B21D}.Release|Any CPU.Build.0 = Release|Any CPU
	EndGlobalSection
	GlobalSection(SolutionProperties) = preSolution
		HideSolutionNode = FALSE
	EndGlobalSection
	GlobalSection(NestedProjects) = preSolution
		{0BBF2D65-FFFD-4272-B138-8EA4FB6FEC48} = {757BB00A-46B6-4B9B-9331-D6B60BE92E05}
		{2E6B5B73-7757-43F0-8AC8-3030F7C191B8} = {C59DF46D-7815-462B-9FFF-750B2120B75B}
		{E8DF8DEA-E2CF-4BDB-8F4F-3F8205B0E03A} = {7A38939E-FC9B-44A9-BD3D-E0CE438624E6}
		{2A9D9687-1822-41CF-B7DF-819BFC0F8FE9} = {57649E80-38FC-421D-82E1-BE71A786F762}
		{5FEAEC9A-4F1E-4EE7-B377-9DB1B0870DAC} = {7A38939E-FC9B-44A9-BD3D-E0CE438624E6}
		{99EE6163-ECF6-47BF-ADCD-B837188ABBF7} = {57649E80-38FC-421D-82E1-BE71A786F762}
		{1708446E-6FE9-4BAD-92E4-DA717987B21D} = {C59DF46D-7815-462B-9FFF-750B2120B75B}
	EndGlobalSection
	GlobalSection(ExtensibilityGlobals) = postSolution
		EnterpriseLibraryConfigurationToolBinariesPath = packages\Unity.2.1.505.2\lib\NET35
	EndGlobalSection
EndGlobal
